
Microsoft Visual Studio Solution File, Format Version 12.00
# Visual Studio Version 17
VisualStudioVersion = 17.5.33516.290
MinimumVisualStudioVersion = 10.0.40219.1
Project("{FAE04EC0-301F-11D3-BF4B-00C04F79EFBC}") = "backendDotNet", "backendDotNet.csproj", "{740F13A6-05E3-495C-AA0C-43CDEBF9C2BB}"
EndProject
Global
	GlobalSection(SolutionConfigurationPlatforms) = preSolution
		Debug|Any CPU = Debug|Any CPU
		Release|Any CPU = Release|Any CPU
	EndGlobalSection
	GlobalSection(ProjectConfigurationPlatforms) = postSolution
		{740F13A6-05E3-495C-AA0C-43CDEBF9C2BB}.Debug|Any CPU.ActiveCfg = Debug|Any CPU
		{740F13A6-05E3-495C-AA0C-43CDEBF9C2BB}.Debug|Any CPU.Build.0 = Debug|Any CPU
		{740F13A6-05E3-495C-AA0C-43CDEBF9C2BB}.Release|Any CPU.ActiveCfg = Release|Any CPU
		{740F13A6-05E3-495C-AA0C-43CDEBF9C2BB}.Release|Any CPU.Build.0 = Release|Any CPU
	EndGlobalSection
	GlobalSection(SolutionProperties) = preSolution
		HideSolutionNode = FALSE
	EndGlobalSection
	GlobalSection(ExtensibilityGlobals) = postSolution
		SolutionGuid = {3728DFA1-8D90-48E7-8BE9-E529C027AFAC}
	EndGlobalSection
EndGlobal
